
Microsoft Visual Studio Solution File, Format Version 12.00
# Visual Studio Version 17
VisualStudioVersion = 17.14.36121.58 d17.14
MinimumVisualStudioVersion = 10.0.40219.1
Project("{FAE04EC0-301F-11D3-BF4B-00C04F79EFBC}") = "HireMeNow_Main", "HireMeNow_Main\HireMeNow_Main.csproj", "{E0A221A6-D75F-4B74-B95E-CA83B5FC3E45}"
EndProject
Project("{FAE04EC0-301F-11D3-BF4B-00C04F79EFBC}") = "Domain", "Domain\Domain.csproj", "{C423CFCF-317F-425A-B8EA-B6DE6E6F7DE5}"
EndProject
Global
	GlobalSection(SolutionConfigurationPlatforms) = preSolution
		Debug|Any CPU = Debug|Any CPU
		Release|Any CPU = Release|Any CPU
	EndGlobalSection
	GlobalSection(ProjectConfigurationPlatforms) = postSolution
		{E0A221A6-D75F-4B74-B95E-CA83B5FC3E45}.Debug|Any CPU.ActiveCfg = Debug|Any CPU
		{E0A221A6-D75F-4B74-B95E-CA83B5FC3E45}.Debug|Any CPU.Build.0 = Debug|Any CPU
		{E0A221A6-D75F-4B74-B95E-CA83B5FC3E45}.Release|Any CPU.ActiveCfg = Release|Any CPU
		{E0A221A6-D75F-4B74-B95E-CA83B5FC3E45}.Release|Any CPU.Build.0 = Release|Any CPU
		{C423CFCF-317F-425A-B8EA-B6DE6E6F7DE5}.Debug|Any CPU.ActiveCfg = Debug|Any CPU
		{C423CFCF-317F-425A-B8EA-B6DE6E6F7DE5}.Debug|Any CPU.Build.0 = Debug|Any CPU
		{C423CFCF-317F-425A-B8EA-B6DE6E6F7DE5}.Release|Any CPU.ActiveCfg = Release|Any CPU
		{C423CFCF-317F-425A-B8EA-B6DE6E6F7DE5}.Release|Any CPU.Build.0 = Release|Any CPU
	EndGlobalSection
	GlobalSection(SolutionProperties) = preSolution
		HideSolutionNode = FALSE
	EndGlobalSection
	GlobalSection(ExtensibilityGlobals) = postSolution
		SolutionGuid = {271210F3-E415-4858-BBF0-0185C99063C2}
	EndGlobalSection
EndGlobal
